# This file is automatically @generated by Cargo.
# It is not intended for manual editing.
version = 4

[[package]]
name = "proj_test"
version = "0.1.0"
dependencies = [
 "prom-ui",
]

[[package]]
name = "prom-abi"
version = "0.1.0"

[[package]]
name = "prom-refs"
version = "0.1.0"

[[package]]
name = "prom-ui"
version = "0.1.0"
dependencies = [
 "prom-abi",
 "prom-refs",
]
